
Microsoft Visual Studio Solution File, Format Version 12.00
# Visual Studio Version 16
VisualStudioVersion = 16.0.30611.23
MinimumVisualStudioVersion = 10.0.40219.1
Project("{9A19103F-16F7-4668-BE54-9A1E7A4F7556}") = "WeatherDashboard", "WeatherDashboard\WeatherDashboard.csproj", "{AF903FE2-69C2-47BD-B56D-B8853E4044DC}"
EndProject
Global
	GlobalSection(SolutionConfigurationPlatforms) = preSolution
		Debug|Any CPU = Debug|Any CPU
		Release|Any CPU = Release|Any CPU
	EndGlobalSection
	GlobalSection(ProjectConfigurationPlatforms) = postSolution
		{AF903FE2-69C2-47BD-B56D-B8853E4044DC}.Debug|Any CPU.ActiveCfg = Debug|Any CPU
		{AF903FE2-69C2-47BD-B56D-B8853E4044DC}.Debug|Any CPU.Build.0 = Debug|Any CPU
		{AF903FE2-69C2-47BD-B56D-B8853E4044DC}.Release|Any CPU.ActiveCfg = Release|Any CPU
		{AF903FE2-69C2-47BD-B56D-B8853E4044DC}.Release|Any CPU.Build.0 = Release|Any CPU
	EndGlobalSection
	GlobalSection(SolutionProperties) = preSolution
		HideSolutionNode = FALSE
	EndGlobalSection
	GlobalSection(ExtensibilityGlobals) = postSolution
		SolutionGuid = {39A62A8F-2D83-4C88-A0C9-C421AC2CA63B}
	EndGlobalSection
EndGlobal
